
Microsoft Visual Studio Solution File, Format Version 12.00
# 
Project("{FAE04EC0-301F-11D3-BF4B-00C04F79EFBC}") = "Challenge", "Challenge\Challenge.csproj", "{29D1CDC0-059E-4AFF-8991-2BC4B5CB8C48}"
EndProject
Project("{FAE04EC0-301F-11D3-BF4B-00C04F79EFBC}") = "Challenge.Tests", "Challenge.Tests\Challenge.Tests.csproj", "{B0181AFE-0BA6-4971-8E26-34621F36754E}"
EndProject
Project("{FAE04EC0-301F-11D3-BF4B-00C04F79EFBC}") = "Challenge.App", "Challenge.App\Challenge.App.csproj", "{842B562D-70CE-4ED1-917F-A2F54C293046}"
EndProject
Global
	GlobalSection(SolutionConfigurationPlatforms) = preSolution
		Debug|Any CPU = Debug|Any CPU
		Release|Any CPU = Release|Any CPU
	EndGlobalSection
	GlobalSection(ProjectConfigurationPlatforms) = postSolution
		{29D1CDC0-059E-4AFF-8991-2BC4B5CB8C48}.Debug|Any CPU.ActiveCfg = Debug|Any CPU
		{29D1CDC0-059E-4AFF-8991-2BC4B5CB8C48}.Debug|Any CPU.Build.0 = Debug|Any CPU
		{29D1CDC0-059E-4AFF-8991-2BC4B5CB8C48}.Release|Any CPU.ActiveCfg = Release|Any CPU
		{29D1CDC0-059E-4AFF-8991-2BC4B5CB8C48}.Release|Any CPU.Build.0 = Release|Any CPU
		{B0181AFE-0BA6-4971-8E26-34621F36754E}.Debug|Any CPU.ActiveCfg = Debug|Any CPU
		{B0181AFE-0BA6-4971-8E26-34621F36754E}.Debug|Any CPU.Build.0 = Debug|Any CPU
		{B0181AFE-0BA6-4971-8E26-34621F36754E}.Release|Any CPU.ActiveCfg = Release|Any CPU
		{B0181AFE-0BA6-4971-8E26-34621F36754E}.Release|Any CPU.Build.0 = Release|Any CPU
		{842B562D-70CE-4ED1-917F-A2F54C293046}.Debug|Any CPU.ActiveCfg = Debug|Any CPU
		{842B562D-70CE-4ED1-917F-A2F54C293046}.Debug|Any CPU.Build.0 = Debug|Any CPU
		{842B562D-70CE-4ED1-917F-A2F54C293046}.Release|Any CPU.ActiveCfg = Release|Any CPU
		{842B562D-70CE-4ED1-917F-A2F54C293046}.Release|Any CPU.Build.0 = Release|Any CPU
	EndGlobalSection
EndGlobal
